
Microsoft Visual Studio Solution File, Format Version 12.00
# Visual Studio Version 16
VisualStudioVersion = 16.0.30114.105
MinimumVisualStudioVersion = 10.0.40219.1
Project("{FAE04EC0-301F-11D3-BF4B-00C04F79EFBC}") = "BlazorServerIdiomas", "BlazorServerIdiomas\BlazorServerIdiomas.csproj", "{ED51F3AB-166B-47FB-97C0-9FBC3BBFFB5F}"
EndProject
Global
	GlobalSection(SolutionConfigurationPlatforms) = preSolution
		Debug|Any CPU = Debug|Any CPU
		Release|Any CPU = Release|Any CPU
	EndGlobalSection
	GlobalSection(ProjectConfigurationPlatforms) = postSolution
		{ED51F3AB-166B-47FB-97C0-9FBC3BBFFB5F}.Debug|Any CPU.ActiveCfg = Debug|Any CPU
		{ED51F3AB-166B-47FB-97C0-9FBC3BBFFB5F}.Debug|Any CPU.Build.0 = Debug|Any CPU
		{ED51F3AB-166B-47FB-97C0-9FBC3BBFFB5F}.Release|Any CPU.ActiveCfg = Release|Any CPU
		{ED51F3AB-166B-47FB-97C0-9FBC3BBFFB5F}.Release|Any CPU.Build.0 = Release|Any CPU
	EndGlobalSection
	GlobalSection(SolutionProperties) = preSolution
		HideSolutionNode = FALSE
	EndGlobalSection
	GlobalSection(ExtensibilityGlobals) = postSolution
		SolutionGuid = {7B9FAB37-46B5-41EF-BDF0-7AA99DBE4F6F}
	EndGlobalSection
EndGlobal
